{
  "name": "puppeteer-demo",
  "version": "1.0.0",
  "lockfileVersion": 2,
  "requires": true,
  "packages": {
    "": {
      "name": "puppeteer-demo",
      "version": "1.0.0",
      "license": "ISC",
      "dependencies": {
        "puppeteer": "file:/Users/oliverdunk/Documents/web/puppeteer/packages/puppeteer"
      },
      "devDependencies": {
        "typescript": "^4.8.4"
      }
    },
    "../puppeteer/packages/puppeteer": {
      "version": "19.2.0",
      "hasInstallScript": true,
      "license": "Apache-2.0",
      "dependencies": {
        "cosmiconfig": "7.0.1",
        "devtools-protocol": "0.0.1056733",
        "https-proxy-agent": "5.0.1",
        "progress": "2.0.3",
        "proxy-from-env": "1.1.0",
        "puppeteer-core": "19.2.0"
      },
      "engines": {
        "node": ">=14.1.0"
      }
    },
    "../puppeteer/packages/puppeteer/package.json": {
      "extraneous": true
    },
    "node_modules/puppeteer": {
      "resolved": "../puppeteer/packages/puppeteer",
      "link": true
    },
    "node_modules/typescript": {
      "version": "4.8.4",
      "resolved": "https://registry.npmjs.org/typescript/-/typescript-4.8.4.tgz",
      "integrity": "sha512-QCh+85mCy+h0IGff8r5XWzOVSbBO+KfeYrMQh7NJ58QujwcE22u+NUSmUxqF+un70P9GXKxa2HCNiTTMJknyjQ==",
      "dev": true,
      "bin": {
        "tsc": "bin/tsc",
        "tsserver": "bin/tsserver"
      },
      "engines": {
        "node": ">=4.2.0"
      }
    }
  },
  "dependencies": {
    "puppeteer": {
      "version": "file:../puppeteer/packages/puppeteer",
      "requires": {
        "cosmiconfig": "7.0.1",
        "devtools-protocol": "0.0.1056733",
        "https-proxy-agent": "5.0.1",
        "progress": "2.0.3",
        "proxy-from-env": "1.1.0",
        "puppeteer-core": "19.2.0"
      }
    },
    "typescript": {
      "version": "4.8.4",
      "resolved": "https://registry.npmjs.org/typescript/-/typescript-4.8.4.tgz",
      "integrity": "sha512-QCh+85mCy+h0IGff8r5XWzOVSbBO+KfeYrMQh7NJ58QujwcE22u+NUSmUxqF+un70P9GXKxa2HCNiTTMJknyjQ==",
      "dev": true
    }
  }
}
